
Microsoft Visual Studio Solution File, Format Version 12.00
# Visual Studio Version 17
VisualStudioVersion = 17.12.35514.174
MinimumVisualStudioVersion = 10.0.40219.1
Project("{FAE04EC0-301F-11D3-BF4B-00C04F79EFBC}") = "MainProgram", "MainProgram\MainProgram.csproj", "{12B5F5B2-892A-46CD-95F1-3DCECCDF00A3}"
EndProject
Project("{FAE04EC0-301F-11D3-BF4B-00C04F79EFBC}") = "Models", "Models\Models.csproj", "{A2976DD7-77F1-4E6E-A155-37A431B7C763}"
EndProject
Project("{FAE04EC0-301F-11D3-BF4B-00C04F79EFBC}") = "PetStore", "PetStore\PetStore.csproj", "{B63A95BC-BE19-4B0D-96B2-EE79604112CD}"
EndProject
Project("{FAE04EC0-301F-11D3-BF4B-00C04F79EFBC}") = "Automator", "Automator\Automator.csproj", "{EC3DAA21-64F8-47AC-873D-24EEAFE64E2C}"
EndProject
Project("{FAE04EC0-301F-11D3-BF4B-00C04F79EFBC}") = "BinarySearcher", "BinarySearcher\BinarySearcher.csproj", "{DE2AD96F-1FF7-4F79-B020-A416E7CF7DA4}"
EndProject
Project("{FAE04EC0-301F-11D3-BF4B-00C04F79EFBC}") = "BinarySearcherTests", "BinarySearcherTests\BinarySearcherTests.csproj", "{ABF3391F-9BBA-4405-AB62-331D6FFD608D}"
EndProject
Project("{FAE04EC0-301F-11D3-BF4B-00C04F79EFBC}") = "HerokuAppTests", "HerokuAppTests\HerokuAppTests.csproj", "{38218DC5-BD28-482B-9107-A87210B77E78}"
EndProject
Project("{FAE04EC0-301F-11D3-BF4B-00C04F79EFBC}") = "CustomExtensions", "CustomExtensions\CustomExtensions.csproj", "{3A066C3F-3A33-4BAC-BEAC-452F88A539C8}"
EndProject
Project("{FAE04EC0-301F-11D3-BF4B-00C04F79EFBC}") = "HerokuOperations", "HerokuOperations\HerokuOperations.csproj", "{AD629599-B00D-429C-868C-5DF2404C144A}"
EndProject
Project("{FAE04EC0-301F-11D3-BF4B-00C04F79EFBC}") = "HerokuAppScenarios", "HerokuAppScenarios\HerokuAppScenarios.csproj", "{3854AB9D-2BDD-4354-A79D-76D6CFF5C6EA}"
EndProject
Project("{FAE04EC0-301F-11D3-BF4B-00C04F79EFBC}") = "HerokuAppWeb", "HerokuAppWeb\HerokuAppWeb.csproj", "{2D64287C-0DAF-4C6C-8A5C-D58B65EC0FFE}"
EndProject
Project("{FAE04EC0-301F-11D3-BF4B-00C04F79EFBC}") = "HerokuAppMobile", "HerokuAppMobile\HerokuAppMobile.csproj", "{5ABD31A4-A327-4562-9199-FB08E64F6DF9}"
EndProject
Project("{FAE04EC0-301F-11D3-BF4B-00C04F79EFBC}") = "Utilities", "Utilities\Utilities.csproj", "{AE37FF2F-87EB-484C-8FD2-172A52C01F18}"
EndProject
Global
	GlobalSection(SolutionConfigurationPlatforms) = preSolution
		Debug|Any CPU = Debug|Any CPU
		Release|Any CPU = Release|Any CPU
	EndGlobalSection
	GlobalSection(ProjectConfigurationPlatforms) = postSolution
		{12B5F5B2-892A-46CD-95F1-3DCECCDF00A3}.Debug|Any CPU.ActiveCfg = Debug|Any CPU
		{12B5F5B2-892A-46CD-95F1-3DCECCDF00A3}.Debug|Any CPU.Build.0 = Debug|Any CPU
		{12B5F5B2-892A-46CD-95F1-3DCECCDF00A3}.Release|Any CPU.ActiveCfg = Release|Any CPU
		{12B5F5B2-892A-46CD-95F1-3DCECCDF00A3}.Release|Any CPU.Build.0 = Release|Any CPU
		{A2976DD7-77F1-4E6E-A155-37A431B7C763}.Debug|Any CPU.ActiveCfg = Debug|Any CPU
		{A2976DD7-77F1-4E6E-A155-37A431B7C763}.Debug|Any CPU.Build.0 = Debug|Any CPU
		{A2976DD7-77F1-4E6E-A155-37A431B7C763}.Release|Any CPU.ActiveCfg = Release|Any CPU
		{A2976DD7-77F1-4E6E-A155-37A431B7C763}.Release|Any CPU.Build.0 = Release|Any CPU
		{B63A95BC-BE19-4B0D-96B2-EE79604112CD}.Debug|Any CPU.ActiveCfg = Debug|Any CPU
		{B63A95BC-BE19-4B0D-96B2-EE79604112CD}.Debug|Any CPU.Build.0 = Debug|Any CPU
		{B63A95BC-BE19-4B0D-96B2-EE79604112CD}.Release|Any CPU.ActiveCfg = Release|Any CPU
		{B63A95BC-BE19-4B0D-96B2-EE79604112CD}.Release|Any CPU.Build.0 = Release|Any CPU
		{EC3DAA21-64F8-47AC-873D-24EEAFE64E2C}.Debug|Any CPU.ActiveCfg = Debug|Any CPU
		{EC3DAA21-64F8-47AC-873D-24EEAFE64E2C}.Debug|Any CPU.Build.0 = Debug|Any CPU
		{EC3DAA21-64F8-47AC-873D-24EEAFE64E2C}.Release|Any CPU.ActiveCfg = Release|Any CPU
		{EC3DAA21-64F8-47AC-873D-24EEAFE64E2C}.Release|Any CPU.Build.0 = Release|Any CPU
		{DE2AD96F-1FF7-4F79-B020-A416E7CF7DA4}.Debug|Any CPU.ActiveCfg = Debug|Any CPU
		{DE2AD96F-1FF7-4F79-B020-A416E7CF7DA4}.Debug|Any CPU.Build.0 = Debug|Any CPU
		{DE2AD96F-1FF7-4F79-B020-A416E7CF7DA4}.Release|Any CPU.ActiveCfg = Release|Any CPU
		{DE2AD96F-1FF7-4F79-B020-A416E7CF7DA4}.Release|Any CPU.Build.0 = Release|Any CPU
		{ABF3391F-9BBA-4405-AB62-331D6FFD608D}.Debug|Any CPU.ActiveCfg = Debug|Any CPU
		{ABF3391F-9BBA-4405-AB62-331D6FFD608D}.Debug|Any CPU.Build.0 = Debug|Any CPU
		{ABF3391F-9BBA-4405-AB62-331D6FFD608D}.Release|Any CPU.ActiveCfg = Release|Any CPU
		{ABF3391F-9BBA-4405-AB62-331D6FFD608D}.Release|Any CPU.Build.0 = Release|Any CPU
		{38218DC5-BD28-482B-9107-A87210B77E78}.Debug|Any CPU.ActiveCfg = Debug|Any CPU
		{38218DC5-BD28-482B-9107-A87210B77E78}.Debug|Any CPU.Build.0 = Debug|Any CPU
		{38218DC5-BD28-482B-9107-A87210B77E78}.Release|Any CPU.ActiveCfg = Release|Any CPU
		{38218DC5-BD28-482B-9107-A87210B77E78}.Release|Any CPU.Build.0 = Release|Any CPU
		{3A066C3F-3A33-4BAC-BEAC-452F88A539C8}.Debug|Any CPU.ActiveCfg = Debug|Any CPU
		{3A066C3F-3A33-4BAC-BEAC-452F88A539C8}.Debug|Any CPU.Build.0 = Debug|Any CPU
		{3A066C3F-3A33-4BAC-BEAC-452F88A539C8}.Release|Any CPU.ActiveCfg = Release|Any CPU
		{3A066C3F-3A33-4BAC-BEAC-452F88A539C8}.Release|Any CPU.Build.0 = Release|Any CPU
		{AD629599-B00D-429C-868C-5DF2404C144A}.Debug|Any CPU.ActiveCfg = Debug|Any CPU
		{AD629599-B00D-429C-868C-5DF2404C144A}.Debug|Any CPU.Build.0 = Debug|Any CPU
		{AD629599-B00D-429C-868C-5DF2404C144A}.Release|Any CPU.ActiveCfg = Release|Any CPU
		{AD629599-B00D-429C-868C-5DF2404C144A}.Release|Any CPU.Build.0 = Release|Any CPU
		{3854AB9D-2BDD-4354-A79D-76D6CFF5C6EA}.Debug|Any CPU.ActiveCfg = Debug|Any CPU
		{3854AB9D-2BDD-4354-A79D-76D6CFF5C6EA}.Debug|Any CPU.Build.0 = Debug|Any CPU
		{3854AB9D-2BDD-4354-A79D-76D6CFF5C6EA}.Release|Any CPU.ActiveCfg = Release|Any CPU
		{3854AB9D-2BDD-4354-A79D-76D6CFF5C6EA}.Release|Any CPU.Build.0 = Release|Any CPU
		{2D64287C-0DAF-4C6C-8A5C-D58B65EC0FFE}.Debug|Any CPU.ActiveCfg = Debug|Any CPU
		{2D64287C-0DAF-4C6C-8A5C-D58B65EC0FFE}.Debug|Any CPU.Build.0 = Debug|Any CPU
		{2D64287C-0DAF-4C6C-8A5C-D58B65EC0FFE}.Release|Any CPU.ActiveCfg = Release|Any CPU
		{2D64287C-0DAF-4C6C-8A5C-D58B65EC0FFE}.Release|Any CPU.Build.0 = Release|Any CPU
		{5ABD31A4-A327-4562-9199-FB08E64F6DF9}.Debug|Any CPU.ActiveCfg = Debug|Any CPU
		{5ABD31A4-A327-4562-9199-FB08E64F6DF9}.Debug|Any CPU.Build.0 = Debug|Any CPU
		{5ABD31A4-A327-4562-9199-FB08E64F6DF9}.Release|Any CPU.ActiveCfg = Release|Any CPU
		{5ABD31A4-A327-4562-9199-FB08E64F6DF9}.Release|Any CPU.Build.0 = Release|Any CPU
		{AE37FF2F-87EB-484C-8FD2-172A52C01F18}.Debug|Any CPU.ActiveCfg = Debug|Any CPU
		{AE37FF2F-87EB-484C-8FD2-172A52C01F18}.Debug|Any CPU.Build.0 = Debug|Any CPU
		{AE37FF2F-87EB-484C-8FD2-172A52C01F18}.Release|Any CPU.ActiveCfg = Release|Any CPU
		{AE37FF2F-87EB-484C-8FD2-172A52C01F18}.Release|Any CPU.Build.0 = Release|Any CPU
	EndGlobalSection
	GlobalSection(SolutionProperties) = preSolution
		HideSolutionNode = FALSE
	EndGlobalSection
	GlobalSection(ExtensibilityGlobals) = postSolution
		SolutionGuid = {4A446EE7-FC46-4199-BC85-88F0437B2C49}
	EndGlobalSection
EndGlobal
