
Microsoft Visual Studio Solution File, Format Version 12.00
# Visual Studio Version 17
VisualStudioVersion = 17.12.35514.174
MinimumVisualStudioVersion = 10.0.40219.1
Project("{FAE04EC0-301F-11D3-BF4B-00C04F79EFBC}") = "MainProgram", "MainProgram\MainProgram.csproj", "{12B5F5B2-892A-46CD-95F1-3DCECCDF00A3}"
EndProject
Project("{FAE04EC0-301F-11D3-BF4B-00C04F79EFBC}") = "Models", "Models\Models.csproj", "{A2976DD7-77F1-4E6E-A155-37A431B7C763}"
EndProject
Project("{FAE04EC0-301F-11D3-BF4B-00C04F79EFBC}") = "PetStore", "PetStore\PetStore.csproj", "{B63A95BC-BE19-4B0D-96B2-EE79604112CD}"
EndProject
Project("{FAE04EC0-301F-11D3-BF4B-00C04F79EFBC}") = "Automator", "Automator\Automator.csproj", "{EC3DAA21-64F8-47AC-873D-24EEAFE64E2C}"
EndProject
Project("{FAE04EC0-301F-11D3-BF4B-00C04F79EFBC}") = "BinarySearcher", "BinarySearcher\BinarySearcher.csproj", "{DE2AD96F-1FF7-4F79-B020-A416E7CF7DA4}"
EndProject
Project("{FAE04EC0-301F-11D3-BF4B-00C04F79EFBC}") = "BinarySearcherTests", "BinarySearcherTests\BinarySearcherTests.csproj", "{ABF3391F-9BBA-4405-AB62-331D6FFD608D}"
EndProject
<<<<<<< HEAD
Project("{2150E333-8FDC-42A3-9474-1A3956D46DE8}") = "Solution Items", "Solution Items", "{8EC462FD-D22E-90A8-E5CE-7E832BA40C5D}"
	ProjectSection(SolutionItems) = preProject
		documentation.cs = documentation.cs
	EndProjectSection
EndProject
Project("{FAE04EC0-301F-11D3-BF4B-00C04F79EFBC}") = "HerokuAppTests", "HerokuAppTests\HerokuAppTests.csproj", "{38218DC5-BD28-482B-9107-A87210B77E78}"
EndProject
<<<<<<< HEAD
Project("{FAE04EC0-301F-11D3-BF4B-00C04F79EFBC}") = "generics", "generics\generics.csproj", "{55C29949-05C6-43D0-AFE3-4118FFE989BD}"
=======
Project("{FAE04EC0-301F-11D3-BF4B-00C04F79EFBC}") = "CustomExtensions", "CustomExtensions\CustomExtensions.csproj", "{3A066C3F-3A33-4BAC-BEAC-452F88A539C8}"
>>>>>>> ad7289cc476d9913159bb7b22d7c14188d4971da
EndProject
Project("{FAE04EC0-301F-11D3-BF4B-00C04F79EFBC}") = "HerokuOperations", "HerokuOperations\HerokuOperations.csproj", "{AD629599-B00D-429C-868C-5DF2404C144A}"
EndProject
Project("{FAE04EC0-301F-11D3-BF4B-00C04F79EFBC}") = "HerokuAppScenarios", "HerokuAppScenarios\HerokuAppScenarios.csproj", "{3854AB9D-2BDD-4354-A79D-76D6CFF5C6EA}"
=======
Project("{FAE04EC0-301F-11D3-BF4B-00C04F79EFBC}") = "HerokuAppTests", "HerokuAppTests\HerokuAppTests.csproj", "{818C0B98-37F9-AD2B-7F8D-9A1E7808A287}"
EndProject
Project("{FAE04EC0-301F-11D3-BF4B-00C04F79EFBC}") = "CollectionsManager", "CollectionsManager\CollectionsManager.csproj", "{FC2D668B-92E6-468A-A764-1C395AFF8BFE}"
EndProject
Project("{FAE04EC0-301F-11D3-BF4B-00C04F79EFBC}") = "CollectionsInterfacesTestacse", "CollectionsInterfacesTestacse\CollectionsInterfacesTestacse.csproj", "{FE607B8D-02BE-414F-B25E-BE6C1241EDA8}"
>>>>>>> db678ac573450ce1a0523e5e90e890c6e87cc9cf
EndProject
Global
	GlobalSection(SolutionConfigurationPlatforms) = preSolution
		Debug|Any CPU = Debug|Any CPU
		Release|Any CPU = Release|Any CPU
	EndGlobalSection
	GlobalSection(ProjectConfigurationPlatforms) = postSolution
		{12B5F5B2-892A-46CD-95F1-3DCECCDF00A3}.Debug|Any CPU.ActiveCfg = Debug|Any CPU
		{12B5F5B2-892A-46CD-95F1-3DCECCDF00A3}.Debug|Any CPU.Build.0 = Debug|Any CPU
		{12B5F5B2-892A-46CD-95F1-3DCECCDF00A3}.Release|Any CPU.ActiveCfg = Release|Any CPU
		{12B5F5B2-892A-46CD-95F1-3DCECCDF00A3}.Release|Any CPU.Build.0 = Release|Any CPU
		{A2976DD7-77F1-4E6E-A155-37A431B7C763}.Debug|Any CPU.ActiveCfg = Debug|Any CPU
		{A2976DD7-77F1-4E6E-A155-37A431B7C763}.Debug|Any CPU.Build.0 = Debug|Any CPU
		{A2976DD7-77F1-4E6E-A155-37A431B7C763}.Release|Any CPU.ActiveCfg = Release|Any CPU
		{A2976DD7-77F1-4E6E-A155-37A431B7C763}.Release|Any CPU.Build.0 = Release|Any CPU
		{B63A95BC-BE19-4B0D-96B2-EE79604112CD}.Debug|Any CPU.ActiveCfg = Debug|Any CPU
		{B63A95BC-BE19-4B0D-96B2-EE79604112CD}.Debug|Any CPU.Build.0 = Debug|Any CPU
		{B63A95BC-BE19-4B0D-96B2-EE79604112CD}.Release|Any CPU.ActiveCfg = Release|Any CPU
		{B63A95BC-BE19-4B0D-96B2-EE79604112CD}.Release|Any CPU.Build.0 = Release|Any CPU
		{EC3DAA21-64F8-47AC-873D-24EEAFE64E2C}.Debug|Any CPU.ActiveCfg = Debug|Any CPU
		{EC3DAA21-64F8-47AC-873D-24EEAFE64E2C}.Debug|Any CPU.Build.0 = Debug|Any CPU
		{EC3DAA21-64F8-47AC-873D-24EEAFE64E2C}.Release|Any CPU.ActiveCfg = Release|Any CPU
		{EC3DAA21-64F8-47AC-873D-24EEAFE64E2C}.Release|Any CPU.Build.0 = Release|Any CPU
		{DE2AD96F-1FF7-4F79-B020-A416E7CF7DA4}.Debug|Any CPU.ActiveCfg = Debug|Any CPU
		{DE2AD96F-1FF7-4F79-B020-A416E7CF7DA4}.Debug|Any CPU.Build.0 = Debug|Any CPU
		{DE2AD96F-1FF7-4F79-B020-A416E7CF7DA4}.Release|Any CPU.ActiveCfg = Release|Any CPU
		{DE2AD96F-1FF7-4F79-B020-A416E7CF7DA4}.Release|Any CPU.Build.0 = Release|Any CPU
		{ABF3391F-9BBA-4405-AB62-331D6FFD608D}.Debug|Any CPU.ActiveCfg = Debug|Any CPU
		{ABF3391F-9BBA-4405-AB62-331D6FFD608D}.Debug|Any CPU.Build.0 = Debug|Any CPU
		{ABF3391F-9BBA-4405-AB62-331D6FFD608D}.Release|Any CPU.ActiveCfg = Release|Any CPU
		{ABF3391F-9BBA-4405-AB62-331D6FFD608D}.Release|Any CPU.Build.0 = Release|Any CPU
<<<<<<< HEAD
		{38218DC5-BD28-482B-9107-A87210B77E78}.Debug|Any CPU.ActiveCfg = Debug|Any CPU
		{38218DC5-BD28-482B-9107-A87210B77E78}.Debug|Any CPU.Build.0 = Debug|Any CPU
		{38218DC5-BD28-482B-9107-A87210B77E78}.Release|Any CPU.ActiveCfg = Release|Any CPU
		{38218DC5-BD28-482B-9107-A87210B77E78}.Release|Any CPU.Build.0 = Release|Any CPU
<<<<<<< HEAD
		{55C29949-05C6-43D0-AFE3-4118FFE989BD}.Debug|Any CPU.ActiveCfg = Debug|Any CPU
		{55C29949-05C6-43D0-AFE3-4118FFE989BD}.Debug|Any CPU.Build.0 = Debug|Any CPU
		{55C29949-05C6-43D0-AFE3-4118FFE989BD}.Release|Any CPU.ActiveCfg = Release|Any CPU
		{55C29949-05C6-43D0-AFE3-4118FFE989BD}.Release|Any CPU.Build.0 = Release|Any CPU
=======
		{3A066C3F-3A33-4BAC-BEAC-452F88A539C8}.Debug|Any CPU.ActiveCfg = Debug|Any CPU
		{3A066C3F-3A33-4BAC-BEAC-452F88A539C8}.Debug|Any CPU.Build.0 = Debug|Any CPU
		{3A066C3F-3A33-4BAC-BEAC-452F88A539C8}.Release|Any CPU.ActiveCfg = Release|Any CPU
		{3A066C3F-3A33-4BAC-BEAC-452F88A539C8}.Release|Any CPU.Build.0 = Release|Any CPU
<<<<<<< HEAD
>>>>>>> ad7289cc476d9913159bb7b22d7c14188d4971da
=======
		{AD629599-B00D-429C-868C-5DF2404C144A}.Debug|Any CPU.ActiveCfg = Debug|Any CPU
		{AD629599-B00D-429C-868C-5DF2404C144A}.Debug|Any CPU.Build.0 = Debug|Any CPU
		{AD629599-B00D-429C-868C-5DF2404C144A}.Release|Any CPU.ActiveCfg = Release|Any CPU
		{AD629599-B00D-429C-868C-5DF2404C144A}.Release|Any CPU.Build.0 = Release|Any CPU
		{3854AB9D-2BDD-4354-A79D-76D6CFF5C6EA}.Debug|Any CPU.ActiveCfg = Debug|Any CPU
		{3854AB9D-2BDD-4354-A79D-76D6CFF5C6EA}.Debug|Any CPU.Build.0 = Debug|Any CPU
		{3854AB9D-2BDD-4354-A79D-76D6CFF5C6EA}.Release|Any CPU.ActiveCfg = Release|Any CPU
		{3854AB9D-2BDD-4354-A79D-76D6CFF5C6EA}.Release|Any CPU.Build.0 = Release|Any CPU
>>>>>>> 6f06f182c74c0cfec7bdb4163e03dd9c2faa6129
=======
		{818C0B98-37F9-AD2B-7F8D-9A1E7808A287}.Debug|Any CPU.ActiveCfg = Debug|Any CPU
		{818C0B98-37F9-AD2B-7F8D-9A1E7808A287}.Debug|Any CPU.Build.0 = Debug|Any CPU
		{818C0B98-37F9-AD2B-7F8D-9A1E7808A287}.Release|Any CPU.ActiveCfg = Release|Any CPU
		{818C0B98-37F9-AD2B-7F8D-9A1E7808A287}.Release|Any CPU.Build.0 = Release|Any CPU
		{FC2D668B-92E6-468A-A764-1C395AFF8BFE}.Debug|Any CPU.ActiveCfg = Debug|Any CPU
		{FC2D668B-92E6-468A-A764-1C395AFF8BFE}.Debug|Any CPU.Build.0 = Debug|Any CPU
		{FC2D668B-92E6-468A-A764-1C395AFF8BFE}.Release|Any CPU.ActiveCfg = Release|Any CPU
		{FC2D668B-92E6-468A-A764-1C395AFF8BFE}.Release|Any CPU.Build.0 = Release|Any CPU
		{FE607B8D-02BE-414F-B25E-BE6C1241EDA8}.Debug|Any CPU.ActiveCfg = Debug|Any CPU
		{FE607B8D-02BE-414F-B25E-BE6C1241EDA8}.Debug|Any CPU.Build.0 = Debug|Any CPU
		{FE607B8D-02BE-414F-B25E-BE6C1241EDA8}.Release|Any CPU.ActiveCfg = Release|Any CPU
		{FE607B8D-02BE-414F-B25E-BE6C1241EDA8}.Release|Any CPU.Build.0 = Release|Any CPU
>>>>>>> db678ac573450ce1a0523e5e90e890c6e87cc9cf
	EndGlobalSection
	GlobalSection(SolutionProperties) = preSolution
		HideSolutionNode = FALSE
	EndGlobalSection
	GlobalSection(ExtensibilityGlobals) = postSolution
<<<<<<< HEAD
<<<<<<< HEAD
		SolutionGuid = {5D68F1D1-4B7B-46EB-845A-57C25FAEF70B}
=======
		SolutionGuid = {4A446EE7-FC46-4199-BC85-88F0437B2C49}
>>>>>>> ad7289cc476d9913159bb7b22d7c14188d4971da
=======
		SolutionGuid = {7FCE2720-32CA-4DF5-82D3-F9FF03A43DB7}
>>>>>>> db678ac573450ce1a0523e5e90e890c6e87cc9cf
	EndGlobalSection
EndGlobal
