
Microsoft Visual Studio Solution File, Format Version 12.00
# Visual Studio Version 17
VisualStudioVersion = 17.12.35514.174
MinimumVisualStudioVersion = 10.0.40219.1
Project("{FAE04EC0-301F-11D3-BF4B-00C04F79EFBC}") = "Models", "Models\Models.csproj", "{A2976DD7-77F1-4E6E-A155-37A431B7C763}"
EndProject
Project("{FAE04EC0-301F-11D3-BF4B-00C04F79EFBC}") = "PetStoreApp", "PetStoreApp\PetStoreApp.csproj", "{B6F5D194-6472-45E3-8634-F9ED5432FC74}"
EndProject
Global
	GlobalSection(SolutionConfigurationPlatforms) = preSolution
		Debug|Any CPU = Debug|Any CPU
		Release|Any CPU = Release|Any CPU
	EndGlobalSection
	GlobalSection(ProjectConfigurationPlatforms) = postSolution
		{A2976DD7-77F1-4E6E-A155-37A431B7C763}.Debug|Any CPU.ActiveCfg = Debug|Any CPU
		{A2976DD7-77F1-4E6E-A155-37A431B7C763}.Debug|Any CPU.Build.0 = Debug|Any CPU
		{A2976DD7-77F1-4E6E-A155-37A431B7C763}.Release|Any CPU.ActiveCfg = Release|Any CPU
		{A2976DD7-77F1-4E6E-A155-37A431B7C763}.Release|Any CPU.Build.0 = Release|Any CPU
		{B6F5D194-6472-45E3-8634-F9ED5432FC74}.Debug|Any CPU.ActiveCfg = Debug|Any CPU
		{B6F5D194-6472-45E3-8634-F9ED5432FC74}.Debug|Any CPU.Build.0 = Debug|Any CPU
		{B6F5D194-6472-45E3-8634-F9ED5432FC74}.Release|Any CPU.ActiveCfg = Release|Any CPU
		{B6F5D194-6472-45E3-8634-F9ED5432FC74}.Release|Any CPU.Build.0 = Release|Any CPU
	EndGlobalSection
	GlobalSection(SolutionProperties) = preSolution
		HideSolutionNode = FALSE
	EndGlobalSection
	GlobalSection(ExtensibilityGlobals) = postSolution
		SolutionGuid = {1FD60997-12C8-4579-AB91-DAC6F6A6F8C7}
	EndGlobalSection
EndGlobal
