
Microsoft Visual Studio Solution File, Format Version 12.00
# Visual Studio Version 17
VisualStudioVersion = 17.14.36301.6 d17.14
MinimumVisualStudioVersion = 10.0.40219.1
Project("{FAE04EC0-301F-11D3-BF4B-00C04F79EFBC}") = "IComparer", "IComparer.csproj", "{413A8664-7DCA-404E-9F16-59BA0F36BD81}"
EndProject
Global
	GlobalSection(SolutionConfigurationPlatforms) = preSolution
		Debug|Any CPU = Debug|Any CPU
		Release|Any CPU = Release|Any CPU
	EndGlobalSection
	GlobalSection(ProjectConfigurationPlatforms) = postSolution
		{413A8664-7DCA-404E-9F16-59BA0F36BD81}.Debug|Any CPU.ActiveCfg = Debug|Any CPU
		{413A8664-7DCA-404E-9F16-59BA0F36BD81}.Debug|Any CPU.Build.0 = Debug|Any CPU
		{413A8664-7DCA-404E-9F16-59BA0F36BD81}.Release|Any CPU.ActiveCfg = Release|Any CPU
		{413A8664-7DCA-404E-9F16-59BA0F36BD81}.Release|Any CPU.Build.0 = Release|Any CPU
	EndGlobalSection
	GlobalSection(SolutionProperties) = preSolution
		HideSolutionNode = FALSE
	EndGlobalSection
	GlobalSection(ExtensibilityGlobals) = postSolution
		SolutionGuid = {BBBD3C35-57CC-47EB-B528-E72A32CF5FE8}
	EndGlobalSection
EndGlobal
