
Microsoft Visual Studio Solution File, Format Version 12.00
# Visual Studio Version 17
VisualStudioVersion = 17.14.36301.6 d17.14
MinimumVisualStudioVersion = 10.0.40219.1
Project("{FAE04EC0-301F-11D3-BF4B-00C04F79EFBC}") = "Icomparer", "Icomparer.csproj", "{106EC8CB-1F5F-4530-BAC6-F7BEBF598BF6}"
EndProject
Global
	GlobalSection(SolutionConfigurationPlatforms) = preSolution
		Debug|Any CPU = Debug|Any CPU
		Release|Any CPU = Release|Any CPU
	EndGlobalSection
	GlobalSection(ProjectConfigurationPlatforms) = postSolution
		{106EC8CB-1F5F-4530-BAC6-F7BEBF598BF6}.Debug|Any CPU.ActiveCfg = Debug|Any CPU
		{106EC8CB-1F5F-4530-BAC6-F7BEBF598BF6}.Debug|Any CPU.Build.0 = Debug|Any CPU
		{106EC8CB-1F5F-4530-BAC6-F7BEBF598BF6}.Release|Any CPU.ActiveCfg = Release|Any CPU
		{106EC8CB-1F5F-4530-BAC6-F7BEBF598BF6}.Release|Any CPU.Build.0 = Release|Any CPU
	EndGlobalSection
	GlobalSection(SolutionProperties) = preSolution
		HideSolutionNode = FALSE
	EndGlobalSection
	GlobalSection(ExtensibilityGlobals) = postSolution
		SolutionGuid = {069651BA-7FD6-4D1F-B643-FB4A4E6CFA1B}
	EndGlobalSection
EndGlobal
