
Microsoft Visual Studio Solution File, Format Version 12.00
# Visual Studio Version 17
VisualStudioVersion = 17.14.36301.6 d17.14
MinimumVisualStudioVersion = 10.0.40219.1
Project("{FAE04EC0-301F-11D3-BF4B-00C04F79EFBC}") = "ArrayList_Methods", "ArrayList_Methods.csproj", "{D868F5B4-E572-4F16-9E78-77FD06E54247}"
EndProject
Global
	GlobalSection(SolutionConfigurationPlatforms) = preSolution
		Debug|Any CPU = Debug|Any CPU
		Release|Any CPU = Release|Any CPU
	EndGlobalSection
	GlobalSection(ProjectConfigurationPlatforms) = postSolution
		{D868F5B4-E572-4F16-9E78-77FD06E54247}.Debug|Any CPU.ActiveCfg = Debug|Any CPU
		{D868F5B4-E572-4F16-9E78-77FD06E54247}.Debug|Any CPU.Build.0 = Debug|Any CPU
		{D868F5B4-E572-4F16-9E78-77FD06E54247}.Release|Any CPU.ActiveCfg = Release|Any CPU
		{D868F5B4-E572-4F16-9E78-77FD06E54247}.Release|Any CPU.Build.0 = Release|Any CPU
	EndGlobalSection
	GlobalSection(SolutionProperties) = preSolution
		HideSolutionNode = FALSE
	EndGlobalSection
	GlobalSection(ExtensibilityGlobals) = postSolution
		SolutionGuid = {6B80C3B7-47E0-40DE-92E3-E52DA8E26390}
	EndGlobalSection
EndGlobal
