
Microsoft Visual Studio Solution File, Format Version 12.00
# Visual Studio Version 17
VisualStudioVersion = 17.14.36301.6 d17.14
MinimumVisualStudioVersion = 10.0.40219.1
Project("{FAE04EC0-301F-11D3-BF4B-00C04F79EFBC}") = "FileOperationsDemo", "FileOperationsDemo\FileOperationsDemo.csproj", "{7BB92EA7-3DF6-4373-A794-EECA31D354D3}"
EndProject
Global
	GlobalSection(SolutionConfigurationPlatforms) = preSolution
		Debug|Any CPU = Debug|Any CPU
		Release|Any CPU = Release|Any CPU
	EndGlobalSection
	GlobalSection(ProjectConfigurationPlatforms) = postSolution
		{7BB92EA7-3DF6-4373-A794-EECA31D354D3}.Debug|Any CPU.ActiveCfg = Debug|Any CPU
		{7BB92EA7-3DF6-4373-A794-EECA31D354D3}.Debug|Any CPU.Build.0 = Debug|Any CPU
		{7BB92EA7-3DF6-4373-A794-EECA31D354D3}.Release|Any CPU.ActiveCfg = Release|Any CPU
		{7BB92EA7-3DF6-4373-A794-EECA31D354D3}.Release|Any CPU.Build.0 = Release|Any CPU
	EndGlobalSection
	GlobalSection(SolutionProperties) = preSolution
		HideSolutionNode = FALSE
	EndGlobalSection
	GlobalSection(ExtensibilityGlobals) = postSolution
		SolutionGuid = {3EB0EBDD-2C43-4160-B881-68E078112E78}
	EndGlobalSection
EndGlobal
