
Microsoft Visual Studio Solution File, Format Version 12.00
# Visual Studio Version 17
VisualStudioVersion = 17.14.36310.24 d17.14
MinimumVisualStudioVersion = 10.0.40219.1
Project("{FAE04EC0-301F-11D3-BF4B-00C04F79EFBC}") = "CollectionsInterfaceTestcases", "CollectionsInterfaceTestcases\CollectionsInterfaceTestcases.csproj", "{D63777B4-A6BB-465C-A660-9DB58C88B74E}"
EndProject
Global
	GlobalSection(SolutionConfigurationPlatforms) = preSolution
		Debug|Any CPU = Debug|Any CPU
		Release|Any CPU = Release|Any CPU
	EndGlobalSection
	GlobalSection(ProjectConfigurationPlatforms) = postSolution
		{D63777B4-A6BB-465C-A660-9DB58C88B74E}.Debug|Any CPU.ActiveCfg = Debug|Any CPU
		{D63777B4-A6BB-465C-A660-9DB58C88B74E}.Debug|Any CPU.Build.0 = Debug|Any CPU
		{D63777B4-A6BB-465C-A660-9DB58C88B74E}.Release|Any CPU.ActiveCfg = Release|Any CPU
		{D63777B4-A6BB-465C-A660-9DB58C88B74E}.Release|Any CPU.Build.0 = Release|Any CPU
	EndGlobalSection
	GlobalSection(SolutionProperties) = preSolution
		HideSolutionNode = FALSE
	EndGlobalSection
	GlobalSection(ExtensibilityGlobals) = postSolution
		SolutionGuid = {59F30B56-A306-447F-8A7A-2C7B6C7BA9BC}
	EndGlobalSection
EndGlobal
