
Microsoft Visual Studio Solution File, Format Version 12.00
# Visual Studio Version 17
VisualStudioVersion = 17.14.36301.6 d17.14
MinimumVisualStudioVersion = 10.0.40219.1
Project("{FAE04EC0-301F-11D3-BF4B-00C04F79EFBC}") = "MSTestProject_ICompare", "MSTestProject_ICompare.csproj", "{39527798-52CF-4E6C-BF77-7F9DD5FF7CEE}"
EndProject
Global
	GlobalSection(SolutionConfigurationPlatforms) = preSolution
		Debug|Any CPU = Debug|Any CPU
		Release|Any CPU = Release|Any CPU
	EndGlobalSection
	GlobalSection(ProjectConfigurationPlatforms) = postSolution
		{39527798-52CF-4E6C-BF77-7F9DD5FF7CEE}.Debug|Any CPU.ActiveCfg = Debug|Any CPU
		{39527798-52CF-4E6C-BF77-7F9DD5FF7CEE}.Debug|Any CPU.Build.0 = Debug|Any CPU
		{39527798-52CF-4E6C-BF77-7F9DD5FF7CEE}.Release|Any CPU.ActiveCfg = Release|Any CPU
		{39527798-52CF-4E6C-BF77-7F9DD5FF7CEE}.Release|Any CPU.Build.0 = Release|Any CPU
	EndGlobalSection
	GlobalSection(SolutionProperties) = preSolution
		HideSolutionNode = FALSE
	EndGlobalSection
	GlobalSection(ExtensibilityGlobals) = postSolution
		SolutionGuid = {74F7F02B-DF3A-4D71-87F1-53CCE146FE45}
	EndGlobalSection
EndGlobal
