
Microsoft Visual Studio Solution File, Format Version 12.00
# Visual Studio Version 17
VisualStudioVersion = 17.14.36310.24 d17.14
MinimumVisualStudioVersion = 10.0.40219.1
Project("{FAE04EC0-301F-11D3-BF4B-00C04F79EFBC}") = "Arraylist", "Arraylist\Arraylist.csproj", "{9DFD39C6-4E17-45FE-B7D9-B54F354B315D}"
EndProject
Global
	GlobalSection(SolutionConfigurationPlatforms) = preSolution
		Debug|Any CPU = Debug|Any CPU
		Release|Any CPU = Release|Any CPU
	EndGlobalSection
	GlobalSection(ProjectConfigurationPlatforms) = postSolution
		{9DFD39C6-4E17-45FE-B7D9-B54F354B315D}.Debug|Any CPU.ActiveCfg = Debug|Any CPU
		{9DFD39C6-4E17-45FE-B7D9-B54F354B315D}.Debug|Any CPU.Build.0 = Debug|Any CPU
		{9DFD39C6-4E17-45FE-B7D9-B54F354B315D}.Release|Any CPU.ActiveCfg = Release|Any CPU
		{9DFD39C6-4E17-45FE-B7D9-B54F354B315D}.Release|Any CPU.Build.0 = Release|Any CPU
	EndGlobalSection
	GlobalSection(SolutionProperties) = preSolution
		HideSolutionNode = FALSE
	EndGlobalSection
	GlobalSection(ExtensibilityGlobals) = postSolution
		SolutionGuid = {24C2BF08-2ED3-4A1E-A321-8A35FFEE9C6F}
	EndGlobalSection
EndGlobal
