
Microsoft Visual Studio Solution File, Format Version 12.00
# Visual Studio Version 17
VisualStudioVersion = 17.14.36301.6 d17.14
MinimumVisualStudioVersion = 10.0.40219.1
Project("{FAE04EC0-301F-11D3-BF4B-00C04F79EFBC}") = "TestProject1", "TestProject1.csproj", "{0C1889D1-7FDA-43E6-8A64-64414E1D4DB8}"
EndProject
Global
	GlobalSection(SolutionConfigurationPlatforms) = preSolution
		Debug|Any CPU = Debug|Any CPU
		Release|Any CPU = Release|Any CPU
	EndGlobalSection
	GlobalSection(ProjectConfigurationPlatforms) = postSolution
		{0C1889D1-7FDA-43E6-8A64-64414E1D4DB8}.Debug|Any CPU.ActiveCfg = Debug|Any CPU
		{0C1889D1-7FDA-43E6-8A64-64414E1D4DB8}.Debug|Any CPU.Build.0 = Debug|Any CPU
		{0C1889D1-7FDA-43E6-8A64-64414E1D4DB8}.Release|Any CPU.ActiveCfg = Release|Any CPU
		{0C1889D1-7FDA-43E6-8A64-64414E1D4DB8}.Release|Any CPU.Build.0 = Release|Any CPU
	EndGlobalSection
	GlobalSection(SolutionProperties) = preSolution
		HideSolutionNode = FALSE
	EndGlobalSection
	GlobalSection(ExtensibilityGlobals) = postSolution
		SolutionGuid = {6424DFCD-83E8-4453-8B95-E8D601BE2D33}
	EndGlobalSection
EndGlobal
